// !$*UTF8*$!
{
	archiveVersion = 1;
	classes = {
	};
	objectVersion = 56;
	objects = {

/* Begin PBXBuildFile section */
		1114379C2B8DAE0A00A0C1FD /* realityKitPlay.swift in Sources */ = {isa = PBXBuildFile; fileRef = 1114379B2B8DAE0900A0C1FD /* realityKitPlay.swift */; };
		112774CF2B9FC999006A463F /* box_fall.usdz in Resources */ = {isa = PBXBuildFile; fileRef = 112774CE2B9FC999006A463F /* box_fall.usdz */; };
		112774D72BA2186F006A463F /* gestureTesting.swift in Sources */ = {isa = PBXBuildFile; fileRef = 112774D62BA2186F006A463F /* gestureTesting.swift */; };
		113B118B2B81E74F00970B51 /* RealityKitContent in Frameworks */ = {isa = PBXBuildFile; productRef = 113B118A2B81E74F00970B51 /* RealityKitContent */; };
		113B118D2B81E74F00970B51 /* visionOS_VRApp.swift in Sources */ = {isa = PBXBuildFile; fileRef = 113B118C2B81E74F00970B51 /* visionOS_VRApp.swift */; };
		113B118F2B81E74F00970B51 /* ContentView.swift in Sources */ = {isa = PBXBuildFile; fileRef = 113B118E2B81E74F00970B51 /* ContentView.swift */; };
		113B11912B81E74F00970B51 /* ImmersiveView.swift in Sources */ = {isa = PBXBuildFile; fileRef = 113B11902B81E74F00970B51 /* ImmersiveView.swift */; };
		113B11932B81E74F00970B51 /* ImageBasedLighting.skybox in Resources */ = {isa = PBXBuildFile; fileRef = 113B11922B81E74F00970B51 /* ImageBasedLighting.skybox */; };
		113B11952B81E75200970B51 /* Assets.xcassets in Resources */ = {isa = PBXBuildFile; fileRef = 113B11942B81E75200970B51 /* Assets.xcassets */; };
		113B11982B81E75200970B51 /* Preview Assets.xcassets in Resources */ = {isa = PBXBuildFile; fileRef = 113B11972B81E75200970B51 /* Preview Assets.xcassets */; };
		11CAE0CB2BA7F51200E0F464 /* TouchLocatingView.swift in Sources */ = {isa = PBXBuildFile; fileRef = 11CAE0CA2BA7F51200E0F464 /* TouchLocatingView.swift */; };
		11F43CC62BB4E5AD004B13FE /* Cube.swift in Sources */ = {isa = PBXBuildFile; fileRef = 11F43CC52BB4E5AD004B13FE /* Cube.swift */; };
/* End PBXBuildFile section */

/* Begin PBXFileReference section */
		1114379B2B8DAE0900A0C1FD /* realityKitPlay.swift */ = {isa = PBXFileReference; lastKnownFileType = sourcecode.swift; path = realityKitPlay.swift; sourceTree = "<group>"; };
		112774CE2B9FC999006A463F /* box_fall.usdz */ = {isa = PBXFileReference; lastKnownFileType = file.usdz; name = box_fall.usdz; path = ../../../box_fall.usdz; sourceTree = "<group>"; };
		112774D62BA2186F006A463F /* gestureTesting.swift */ = {isa = PBXFileReference; lastKnownFileType = sourcecode.swift; path = gestureTesting.swift; sourceTree = "<group>"; };
		113B11852B81E74F00970B51 /* visionOS_VR.app */ = {isa = PBXFileReference; explicitFileType = wrapper.application; includeInIndex = 0; path = visionOS_VR.app; sourceTree = BUILT_PRODUCTS_DIR; };
		113B11892B81E74F00970B51 /* RealityKitContent */ = {isa = PBXFileReference; lastKnownFileType = wrapper; path = RealityKitContent; sourceTree = "<group>"; };
		113B118C2B81E74F00970B51 /* visionOS_VRApp.swift */ = {isa = PBXFileReference; lastKnownFileType = sourcecode.swift; path = visionOS_VRApp.swift; sourceTree = "<group>"; };
		113B118E2B81E74F00970B51 /* ContentView.swift */ = {isa = PBXFileReference; lastKnownFileType = sourcecode.swift; path = ContentView.swift; sourceTree = "<group>"; };
		113B11902B81E74F00970B51 /* ImmersiveView.swift */ = {isa = PBXFileReference; lastKnownFileType = sourcecode.swift; path = ImmersiveView.swift; sourceTree = "<group>"; };
		113B11922B81E74F00970B51 /* ImageBasedLighting.skybox */ = {isa = PBXFileReference; lastKnownFileType = file.skybox; path = ImageBasedLighting.skybox; sourceTree = "<group>"; };
		113B11942B81E75200970B51 /* Assets.xcassets */ = {isa = PBXFileReference; lastKnownFileType = folder.assetcatalog; path = Assets.xcassets; sourceTree = "<group>"; };
		113B11972B81E75200970B51 /* Preview Assets.xcassets */ = {isa = PBXFileReference; lastKnownFileType = folder.assetcatalog; path = "Preview Assets.xcassets"; sourceTree = "<group>"; };
		113B11992B81E75200970B51 /* Info.plist */ = {isa = PBXFileReference; lastKnownFileType = text.plist.xml; path = Info.plist; sourceTree = "<group>"; };
		11CAE0CA2BA7F51200E0F464 /* TouchLocatingView.swift */ = {isa = PBXFileReference; lastKnownFileType = sourcecode.swift; path = TouchLocatingView.swift; sourceTree = "<group>"; };
		11F43CC52BB4E5AD004B13FE /* Cube.swift */ = {isa = PBXFileReference; lastKnownFileType = sourcecode.swift; path = Cube.swift; sourceTree = "<group>"; };
/* End PBXFileReference section */

/* Begin PBXFrameworksBuildPhase section */
		113B11822B81E74F00970B51 /* Frameworks */ = {
			isa = PBXFrameworksBuildPhase;
			buildActionMask = 2147483647;
			files = (
				113B118B2B81E74F00970B51 /* RealityKitContent in Frameworks */,
			);
			runOnlyForDeploymentPostprocessing = 0;
		};
/* End PBXFrameworksBuildPhase section */

/* Begin PBXGroup section */
		113B117C2B81E74F00970B51 = {
			isa = PBXGroup;
			children = (
				113B11872B81E74F00970B51 /* visionOS_VR */,
				113B11882B81E74F00970B51 /* Packages */,
				113B11862B81E74F00970B51 /* Products */,
			);
			sourceTree = "<group>";
		};
		113B11862B81E74F00970B51 /* Products */ = {
			isa = PBXGroup;
			children = (
				113B11852B81E74F00970B51 /* visionOS_VR.app */,
			);
			name = Products;
			sourceTree = "<group>";
		};
		113B11872B81E74F00970B51 /* visionOS_VR */ = {
			isa = PBXGroup;
			children = (
				112774CE2B9FC999006A463F /* box_fall.usdz */,
				113B118C2B81E74F00970B51 /* visionOS_VRApp.swift */,
				113B118E2B81E74F00970B51 /* ContentView.swift */,
				113B11902B81E74F00970B51 /* ImmersiveView.swift */,
				1114379B2B8DAE0900A0C1FD /* realityKitPlay.swift */,
				112774D62BA2186F006A463F /* gestureTesting.swift */,
				11CAE0CA2BA7F51200E0F464 /* TouchLocatingView.swift */,
				113B11922B81E74F00970B51 /* ImageBasedLighting.skybox */,
				113B11942B81E75200970B51 /* Assets.xcassets */,
				113B11992B81E75200970B51 /* Info.plist */,
				113B11962B81E75200970B51 /* Preview Content */,
				11F43CC52BB4E5AD004B13FE /* Cube.swift */,
			);
			path = visionOS_VR;
			sourceTree = "<group>";
		};
		113B11882B81E74F00970B51 /* Packages */ = {
			isa = PBXGroup;
			children = (
				113B11892B81E74F00970B51 /* RealityKitContent */,
			);
			path = Packages;
			sourceTree = "<group>";
		};
		113B11962B81E75200970B51 /* Preview Content */ = {
			isa = PBXGroup;
			children = (
				113B11972B81E75200970B51 /* Preview Assets.xcassets */,
			);
			path = "Preview Content";
			sourceTree = "<group>";
		};
/* End PBXGroup section */

/* Begin PBXNativeTarget section */
		113B11842B81E74F00970B51 /* visionOS_VR */ = {
			isa = PBXNativeTarget;
			buildConfigurationList = 113B119C2B81E75200970B51 /* Build configuration list for PBXNativeTarget "visionOS_VR" */;
			buildPhases = (
				113B11812B81E74F00970B51 /* Sources */,
				113B11822B81E74F00970B51 /* Frameworks */,
				113B11832B81E74F00970B51 /* Resources */,
			);
			buildRules = (
			);
			dependencies = (
			);
			name = visionOS_VR;
			packageProductDependencies = (
				113B118A2B81E74F00970B51 /* RealityKitContent */,
			);
			productName = visionOS_VR;
			productReference = 113B11852B81E74F00970B51 /* visionOS_VR.app */;
			productType = "com.apple.product-type.application";
		};
/* End PBXNativeTarget section */

/* Begin PBXProject section */
		113B117D2B81E74F00970B51 /* Project object */ = {
			isa = PBXProject;
			attributes = {
				BuildIndependentTargetsInParallel = 1;
				LastSwiftUpdateCheck = 1520;
				LastUpgradeCheck = 1520;
				TargetAttributes = {
					113B11842B81E74F00970B51 = {
						CreatedOnToolsVersion = 15.2;
					};
				};
			};
			buildConfigurationList = 113B11802B81E74F00970B51 /* Build configuration list for PBXProject "visionOS_VR" */;
			compatibilityVersion = "Xcode 14.0";
			developmentRegion = en;
			hasScannedForEncodings = 0;
			knownRegions = (
				en,
				Base,
			);
			mainGroup = 113B117C2B81E74F00970B51;
			productRefGroup = 113B11862B81E74F00970B51 /* Products */;
			projectDirPath = "";
			projectRoot = "";
			targets = (
				113B11842B81E74F00970B51 /* visionOS_VR */,
			);
		};
/* End PBXProject section */

/* Begin PBXResourcesBuildPhase section */
		113B11832B81E74F00970B51 /* Resources */ = {
			isa = PBXResourcesBuildPhase;
			buildActionMask = 2147483647;
			files = (
				112774CF2B9FC999006A463F /* box_fall.usdz in Resources */,
				113B11952B81E75200970B51 /* Assets.xcassets in Resources */,
				113B11982B81E75200970B51 /* Preview Assets.xcassets in Resources */,
				113B11932B81E74F00970B51 /* ImageBasedLighting.skybox in Resources */,
			);
			runOnlyForDeploymentPostprocessing = 0;
		};
/* End PBXResourcesBuildPhase section */

/* Begin PBXSourcesBuildPhase section */
		113B11812B81E74F00970B51 /* Sources */ = {
			isa = PBXSourcesBuildPhase;
			buildActionMask = 2147483647;
			files = (
				113B118F2B81E74F00970B51 /* ContentView.swift in Sources */,
				11CAE0CB2BA7F51200E0F464 /* TouchLocatingView.swift in Sources */,
				113B118D2B81E74F00970B51 /* visionOS_VRApp.swift in Sources */,
				113B11912B81E74F00970B51 /* ImmersiveView.swift in Sources */,
				112774D72BA2186F006A463F /* gestureTesting.swift in Sources */,
				11F43CC62BB4E5AD004B13FE /* Cube.swift in Sources */,
				1114379C2B8DAE0A00A0C1FD /* realityKitPlay.swift in Sources */,
			);
			runOnlyForDeploymentPostprocessing = 0;
		};
/* End PBXSourcesBuildPhase section */

/* Begin XCBuildConfiguration section */
		113B119A2B81E75200970B51 /* Debug */ = {
			isa = XCBuildConfiguration;
			buildSettings = {
				ALWAYS_SEARCH_USER_PATHS = NO;
				ASSETCATALOG_COMPILER_GENERATE_SWIFT_ASSET_SYMBOL_EXTENSIONS = YES;
				CLANG_ANALYZER_NONNULL = YES;
				CLANG_ANALYZER_NUMBER_OBJECT_CONVERSION = YES_AGGRESSIVE;
				CLANG_CXX_LANGUAGE_STANDARD = "gnu++20";
				CLANG_ENABLE_MODULES = YES;
				CLANG_ENABLE_OBJC_ARC = YES;
				CLANG_ENABLE_OBJC_WEAK = YES;
				CLANG_WARN_BLOCK_CAPTURE_AUTORELEASING = YES;
				CLANG_WARN_BOOL_CONVERSION = YES;
				CLANG_WARN_COMMA = YES;
				CLANG_WARN_CONSTANT_CONVERSION = YES;
				CLANG_WARN_DEPRECATED_OBJC_IMPLEMENTATIONS = YES;
				CLANG_WARN_DIRECT_OBJC_ISA_USAGE = YES_ERROR;
				CLANG_WARN_DOCUMENTATION_COMMENTS = YES;
				CLANG_WARN_EMPTY_BODY = YES;
				CLANG_WARN_ENUM_CONVERSION = YES;
				CLANG_WARN_INFINITE_RECURSION = YES;
				CLANG_WARN_INT_CONVERSION = YES;
				CLANG_WARN_NON_LITERAL_NULL_CONVERSION = YES;
				CLANG_WARN_OBJC_IMPLICIT_RETAIN_SELF = YES;
				CLANG_WARN_OBJC_LITERAL_CONVERSION = YES;
				CLANG_WARN_OBJC_ROOT_CLASS = YES_ERROR;
				CLANG_WARN_QUOTED_INCLUDE_IN_FRAMEWORK_HEADER = YES;
				CLANG_WARN_RANGE_LOOP_ANALYSIS = YES;
				CLANG_WARN_STRICT_PROTOTYPES = YES;
				CLANG_WARN_SUSPICIOUS_MOVE = YES;
				CLANG_WARN_UNGUARDED_AVAILABILITY = YES_AGGRESSIVE;
				CLANG_WARN_UNREACHABLE_CODE = YES;
				CLANG_WARN__DUPLICATE_METHOD_MATCH = YES;
				COPY_PHASE_STRIP = NO;
				DEBUG_INFORMATION_FORMAT = dwarf;
				ENABLE_STRICT_OBJC_MSGSEND = YES;
				ENABLE_TESTABILITY = YES;
				ENABLE_USER_SCRIPT_SANDBOXING = YES;
				GCC_C_LANGUAGE_STANDARD = gnu17;
				GCC_DYNAMIC_NO_PIC = NO;
				GCC_NO_COMMON_BLOCKS = YES;
				GCC_OPTIMIZATION_LEVEL = 0;
				GCC_PREPROCESSOR_DEFINITIONS = (
					"DEBUG=1",
					"$(inherited)",
				);
				GCC_WARN_64_TO_32_BIT_CONVERSION = YES;
				GCC_WARN_ABOUT_RETURN_TYPE = YES_ERROR;
				GCC_WARN_UNDECLARED_SELECTOR = YES;
				GCC_WARN_UNINITIALIZED_AUTOS = YES_AGGRESSIVE;
				GCC_WARN_UNUSED_FUNCTION = YES;
				GCC_WARN_UNUSED_VARIABLE = YES;
				LOCALIZATION_PREFERS_STRING_CATALOGS = YES;
				MTL_ENABLE_DEBUG_INFO = INCLUDE_SOURCE;
				MTL_FAST_MATH = YES;
				ONLY_ACTIVE_ARCH = YES;
				SDKROOT = xros;
				SWIFT_ACTIVE_COMPILATION_CONDITIONS = "DEBUG $(inherited)";
				SWIFT_OPTIMIZATION_LEVEL = "-Onone";
				XROS_DEPLOYMENT_TARGET = 1.0;
			};
			name = Debug;
		};
		113B119B2B81E75200970B51 /* Release */ = {
			isa = XCBuildConfiguration;
			buildSettings = {
				ALWAYS_SEARCH_USER_PATHS = NO;
				ASSETCATALOG_COMPILER_GENERATE_SWIFT_ASSET_SYMBOL_EXTENSIONS = YES;
				CLANG_ANALYZER_NONNULL = YES;
				CLANG_ANALYZER_NUMBER_OBJECT_CONVERSION = YES_AGGRESSIVE;
				CLANG_CXX_LANGUAGE_STANDARD = "gnu++20";
				CLANG_ENABLE_MODULES = YES;
				CLANG_ENABLE_OBJC_ARC = YES;
				CLANG_ENABLE_OBJC_WEAK = YES;
				CLANG_WARN_BLOCK_CAPTURE_AUTORELEASING = YES;
				CLANG_WARN_BOOL_CONVERSION = YES;
				CLANG_WARN_COMMA = YES;
				CLANG_WARN_CONSTANT_CONVERSION = YES;
				CLANG_WARN_DEPRECATED_OBJC_IMPLEMENTATIONS = YES;
				CLANG_WARN_DIRECT_OBJC_ISA_USAGE = YES_ERROR;
				CLANG_WARN_DOCUMENTATION_COMMENTS = YES;
				CLANG_WARN_EMPTY_BODY = YES;
				CLANG_WARN_ENUM_CONVERSION = YES;
				CLANG_WARN_INFINITE_RECURSION = YES;
				CLANG_WARN_INT_CONVERSION = YES;
				CLANG_WARN_NON_LITERAL_NULL_CONVERSION = YES;
				CLANG_WARN_OBJC_IMPLICIT_RETAIN_SELF = YES;
				CLANG_WARN_OBJC_LITERAL_CONVERSION = YES;
				CLANG_WARN_OBJC_ROOT_CLASS = YES_ERROR;
				CLANG_WARN_QUOTED_INCLUDE_IN_FRAMEWORK_HEADER = YES;
				CLANG_WARN_RANGE_LOOP_ANALYSIS = YES;
				CLANG_WARN_STRICT_PROTOTYPES = YES;
				CLANG_WARN_SUSPICIOUS_MOVE = YES;
				CLANG_WARN_UNGUARDED_AVAILABILITY = YES_AGGRESSIVE;
				CLANG_WARN_UNREACHABLE_CODE = YES;
				CLANG_WARN__DUPLICATE_METHOD_MATCH = YES;
				COPY_PHASE_STRIP = NO;
				DEBUG_INFORMATION_FORMAT = "dwarf-with-dsym";
				ENABLE_NS_ASSERTIONS = NO;
				ENABLE_STRICT_OBJC_MSGSEND = YES;
				ENABLE_USER_SCRIPT_SANDBOXING = YES;
				GCC_C_LANGUAGE_STANDARD = gnu17;
				GCC_NO_COMMON_BLOCKS = YES;
				GCC_WARN_64_TO_32_BIT_CONVERSION = YES;
				GCC_WARN_ABOUT_RETURN_TYPE = YES_ERROR;
				GCC_WARN_UNDECLARED_SELECTOR = YES;
				GCC_WARN_UNINITIALIZED_AUTOS = YES_AGGRESSIVE;
				GCC_WARN_UNUSED_FUNCTION = YES;
				GCC_WARN_UNUSED_VARIABLE = YES;
				LOCALIZATION_PREFERS_STRING_CATALOGS = YES;
				MTL_ENABLE_DEBUG_INFO = NO;
				MTL_FAST_MATH = YES;
				SDKROOT = xros;
				SWIFT_COMPILATION_MODE = wholemodule;
				VALIDATE_PRODUCT = YES;
				XROS_DEPLOYMENT_TARGET = 1.0;
			};
			name = Release;
		};
		113B119D2B81E75200970B51 /* Debug */ = {
			isa = XCBuildConfiguration;
			buildSettings = {
				ASSETCATALOG_COMPILER_APPICON_NAME = AppIcon;
				ASSETCATALOG_COMPILER_GLOBAL_ACCENT_COLOR_NAME = AccentColor;
				CODE_SIGN_STYLE = Automatic;
				CURRENT_PROJECT_VERSION = 1;
				DEVELOPMENT_ASSET_PATHS = "\"visionOS_VR/Preview Content\"";
				ENABLE_PREVIEWS = YES;
				GENERATE_INFOPLIST_FILE = YES;
				INFOPLIST_FILE = "$(TARGET_NAME)/Info.plist";
				LD_RUNPATH_SEARCH_PATHS = (
					"$(inherited)",
					"@executable_path/Frameworks",
				);
				MARKETING_VERSION = 1.0;
				PRODUCT_BUNDLE_IDENTIFIER = "com.siyona.visionOS-VR";
				PRODUCT_NAME = "$(TARGET_NAME)";
				SUPPORTED_PLATFORMS = "xros xrsimulator";
				SWIFT_EMIT_LOC_STRINGS = YES;
				SWIFT_VERSION = 5.0;
				TARGETED_DEVICE_FAMILY = "1,2,7";
			};
			name = Debug;
		};
		113B119E2B81E75200970B51 /* Release */ = {
			isa = XCBuildConfiguration;
			buildSettings = {
				ASSETCATALOG_COMPILER_APPICON_NAME = AppIcon;
				ASSETCATALOG_COMPILER_GLOBAL_ACCENT_COLOR_NAME = AccentColor;
				CODE_SIGN_STYLE = Automatic;
				CURRENT_PROJECT_VERSION = 1;
				DEVELOPMENT_ASSET_PATHS = "\"visionOS_VR/Preview Content\"";
				ENABLE_PREVIEWS = YES;
				GENERATE_INFOPLIST_FILE = YES;
				INFOPLIST_FILE = "$(TARGET_NAME)/Info.plist";
				LD_RUNPATH_SEARCH_PATHS = (
					"$(inherited)",
					"@executable_path/Frameworks",
				);
				MARKETING_VERSION = 1.0;
				PRODUCT_BUNDLE_IDENTIFIER = "com.siyona.visionOS-VR";
				PRODUCT_NAME = "$(TARGET_NAME)";
				SUPPORTED_PLATFORMS = "xros xrsimulator";
				SWIFT_EMIT_LOC_STRINGS = YES;
				SWIFT_VERSION = 5.0;
				TARGETED_DEVICE_FAMILY = "1,2,7";
			};
			name = Release;
		};
/* End XCBuildConfiguration section */

/* Begin XCConfigurationList section */
		113B11802B81E74F00970B51 /* Build configuration list for PBXProject "visionOS_VR" */ = {
			isa = XCConfigurationList;
			buildConfigurations = (
				113B119A2B81E75200970B51 /* Debug */,
				113B119B2B81E75200970B51 /* Release */,
			);
			defaultConfigurationIsVisible = 0;
			defaultConfigurationName = Release;
		};
		113B119C2B81E75200970B51 /* Build configuration list for PBXNativeTarget "visionOS_VR" */ = {
			isa = XCConfigurationList;
			buildConfigurations = (
				113B119D2B81E75200970B51 /* Debug */,
				113B119E2B81E75200970B51 /* Release */,
			);
			defaultConfigurationIsVisible = 0;
			defaultConfigurationName = Release;
		};
/* End XCConfigurationList section */

/* Begin XCSwiftPackageProductDependency section */
		113B118A2B81E74F00970B51 /* RealityKitContent */ = {
			isa = XCSwiftPackageProductDependency;
			productName = RealityKitContent;
		};
/* End XCSwiftPackageProductDependency section */
	};
	rootObject = 113B117D2B81E74F00970B51 /* Project object */;
}
